
Microsoft Visual Studio Solution File, Format Version 12.00
# Visual Studio Version 17
VisualStudioVersion = 17.3.32922.545
MinimumVisualStudioVersion = 10.0.40219.1
Project("{FAE04EC0-301F-11D3-BF4B-00C04F79EFBC}") = "Пианино проект", "Пианино проект.csproj", "{5F25599B-7AA1-4DC8-A602-E2FC35EE1E98}"
EndProject
Global
	GlobalSection(SolutionConfigurationPlatforms) = preSolution
		Debug|Any CPU = Debug|Any CPU
		Release|Any CPU = Release|Any CPU
	EndGlobalSection
	GlobalSection(ProjectConfigurationPlatforms) = postSolution
		{5F25599B-7AA1-4DC8-A602-E2FC35EE1E98}.Debug|Any CPU.ActiveCfg = Debug|Any CPU
		{5F25599B-7AA1-4DC8-A602-E2FC35EE1E98}.Debug|Any CPU.Build.0 = Debug|Any CPU
		{5F25599B-7AA1-4DC8-A602-E2FC35EE1E98}.Release|Any CPU.ActiveCfg = Release|Any CPU
		{5F25599B-7AA1-4DC8-A602-E2FC35EE1E98}.Release|Any CPU.Build.0 = Release|Any CPU
	EndGlobalSection
	GlobalSection(SolutionProperties) = preSolution
		HideSolutionNode = FALSE
	EndGlobalSection
	GlobalSection(ExtensibilityGlobals) = postSolution
		SolutionGuid = {1148A891-B23E-48BA-A2F2-8938E5881CD2}
	EndGlobalSection
EndGlobal
